// !$*UTF8*$!
{
	archiveVersion = 1;
	classes = {
	};
	objectVersion = 46;
	objects = {

/* Begin PBXBuildFile section */
		18EEE9D264ADCCFF8EF00EFE /* libPods-NHDuanZi.a in Frameworks */ = {isa = PBXBuildFile; fileRef = 2162355B851CEE540E137EA2 /* libPods-NHDuanZi.a */; };
		538FA66C1D9A7A2000672D6F /* main.m in Sources */ = {isa = PBXBuildFile; fileRef = 538FA66B1D9A7A2000672D6F /* main.m */; };
		538FA6751D9A7A2000672D6F /* Main.storyboard in Resources */ = {isa = PBXBuildFile; fileRef = 538FA6731D9A7A2000672D6F /* Main.storyboard */; };
		538FA6771D9A7A2000672D6F /* Assets.xcassets in Resources */ = {isa = PBXBuildFile; fileRef = 538FA6761D9A7A2000672D6F /* Assets.xcassets */; };
		538FA67A1D9A7A2000672D6F /* LaunchScreen.storyboard in Resources */ = {isa = PBXBuildFile; fileRef = 538FA6781D9A7A2000672D6F /* LaunchScreen.storyboard */; };
		538FA6871D9A7C0700672D6F /* MyLog.m in Sources */ = {isa = PBXBuildFile; fileRef = 538FA6861D9A7C0700672D6F /* MyLog.m */; };
		538FA6911D9B4CE400672D6F /* AppDelegate.m in Sources */ = {isa = PBXBuildFile; fileRef = 538FA68E1D9B4CE400672D6F /* AppDelegate.m */; };
		538FA6921D9B4CE400672D6F /* ViewController.m in Sources */ = {isa = PBXBuildFile; fileRef = 538FA6901D9B4CE400672D6F /* ViewController.m */; };
		538FA69A1D9B92CA00672D6F /* UIBarButtonItem+Addition.m in Sources */ = {isa = PBXBuildFile; fileRef = 538FA6971D9B92CA00672D6F /* UIBarButtonItem+Addition.m */; };
		538FA69B1D9B92CA00672D6F /* UIButton+Addition.m in Sources */ = {isa = PBXBuildFile; fileRef = 538FA6991D9B92CA00672D6F /* UIButton+Addition.m */; };
		538FA6A11D9B92D500672D6F /* UINavigationBar+Addition.m in Sources */ = {isa = PBXBuildFile; fileRef = 538FA69E1D9B92D500672D6F /* UINavigationBar+Addition.m */; };
		538FA6A21D9B92D500672D6F /* UINavigationItem+NHAddition.m in Sources */ = {isa = PBXBuildFile; fileRef = 538FA6A01D9B92D500672D6F /* UINavigationItem+NHAddition.m */; };
		538FA6A51D9B930700672D6F /* NHBaseNavigationViewController.m in Sources */ = {isa = PBXBuildFile; fileRef = 538FA6A41D9B930700672D6F /* NHBaseNavigationViewController.m */; };
		538FA6AC1D9B989400672D6F /* NHHomeViewController.m in Sources */ = {isa = PBXBuildFile; fileRef = 538FA6AB1D9B989400672D6F /* NHHomeViewController.m */; };
		538FA6AF1D9B98A700672D6F /* NHDiscoverViewController.m in Sources */ = {isa = PBXBuildFile; fileRef = 538FA6AE1D9B98A700672D6F /* NHDiscoverViewController.m */; };
		538FA6B21D9B98BA00672D6F /* NHCheckViewController.m in Sources */ = {isa = PBXBuildFile; fileRef = 538FA6B11D9B98BA00672D6F /* NHCheckViewController.m */; };
		538FA6B51D9B98CB00672D6F /* NHMessageViewController.m in Sources */ = {isa = PBXBuildFile; fileRef = 538FA6B41D9B98CB00672D6F /* NHMessageViewController.m */; };
		538FA6B81D9B98FC00672D6F /* NHMainTabbarViewController.m in Sources */ = {isa = PBXBuildFile; fileRef = 538FA6B71D9B98FC00672D6F /* NHMainTabbarViewController.m */; };
		538FA6BA1D9B993D00672D6F /* libsqlite3.0.tbd in Frameworks */ = {isa = PBXBuildFile; fileRef = 538FA6B91D9B993D00672D6F /* libsqlite3.0.tbd */; };
/* End PBXBuildFile section */

/* Begin PBXFileReference section */
		2162355B851CEE540E137EA2 /* libPods-NHDuanZi.a */ = {isa = PBXFileReference; explicitFileType = archive.ar; includeInIndex = 0; path = "libPods-NHDuanZi.a"; sourceTree = BUILT_PRODUCTS_DIR; };
		538FA6671D9A7A1F00672D6F /* NHDuanZi.app */ = {isa = PBXFileReference; explicitFileType = wrapper.application; includeInIndex = 0; path = NHDuanZi.app; sourceTree = BUILT_PRODUCTS_DIR; };
		538FA66B1D9A7A2000672D6F /* main.m */ = {isa = PBXFileReference; lastKnownFileType = sourcecode.c.objc; path = main.m; sourceTree = "<group>"; };
		538FA6741D9A7A2000672D6F /* Base */ = {isa = PBXFileReference; lastKnownFileType = file.storyboard; name = Base; path = Base.lproj/Main.storyboard; sourceTree = "<group>"; };
		538FA6761D9A7A2000672D6F /* Assets.xcassets */ = {isa = PBXFileReference; lastKnownFileType = folder.assetcatalog; path = Assets.xcassets; sourceTree = "<group>"; };
		538FA6791D9A7A2000672D6F /* Base */ = {isa = PBXFileReference; lastKnownFileType = file.storyboard; name = Base; path = Base.lproj/LaunchScreen.storyboard; sourceTree = "<group>"; };
		538FA67B1D9A7A2000672D6F /* Info.plist */ = {isa = PBXFileReference; lastKnownFileType = text.plist.xml; path = Info.plist; sourceTree = "<group>"; };
		538FA6851D9A7C0700672D6F /* MyLog.h */ = {isa = PBXFileReference; fileEncoding = 4; lastKnownFileType = sourcecode.c.h; path = MyLog.h; sourceTree = "<group>"; };
		538FA6861D9A7C0700672D6F /* MyLog.m */ = {isa = PBXFileReference; fileEncoding = 4; lastKnownFileType = sourcecode.c.objc; path = MyLog.m; sourceTree = "<group>"; };
		538FA68A1D9A7C1600672D6F /* MacroDefinePrefix.pch */ = {isa = PBXFileReference; fileEncoding = 4; lastKnownFileType = sourcecode.c.h; path = MacroDefinePrefix.pch; sourceTree = "<group>"; };
		538FA68D1D9B4CE400672D6F /* AppDelegate.h */ = {isa = PBXFileReference; fileEncoding = 4; lastKnownFileType = sourcecode.c.h; path = AppDelegate.h; sourceTree = "<group>"; };
		538FA68E1D9B4CE400672D6F /* AppDelegate.m */ = {isa = PBXFileReference; fileEncoding = 4; lastKnownFileType = sourcecode.c.objc; path = AppDelegate.m; sourceTree = "<group>"; };
		538FA68F1D9B4CE400672D6F /* ViewController.h */ = {isa = PBXFileReference; fileEncoding = 4; lastKnownFileType = sourcecode.c.h; path = ViewController.h; sourceTree = "<group>"; };
		538FA6901D9B4CE400672D6F /* ViewController.m */ = {isa = PBXFileReference; fileEncoding = 4; lastKnownFileType = sourcecode.c.objc; path = ViewController.m; sourceTree = "<group>"; };
		538FA6961D9B92CA00672D6F /* UIBarButtonItem+Addition.h */ = {isa = PBXFileReference; fileEncoding = 4; lastKnownFileType = sourcecode.c.h; path = "UIBarButtonItem+Addition.h"; sourceTree = "<group>"; };
		538FA6971D9B92CA00672D6F /* UIBarButtonItem+Addition.m */ = {isa = PBXFileReference; fileEncoding = 4; lastKnownFileType = sourcecode.c.objc; path = "UIBarButtonItem+Addition.m"; sourceTree = "<group>"; };
		538FA6981D9B92CA00672D6F /* UIButton+Addition.h */ = {isa = PBXFileReference; fileEncoding = 4; lastKnownFileType = sourcecode.c.h; path = "UIButton+Addition.h"; sourceTree = "<group>"; };
		538FA6991D9B92CA00672D6F /* UIButton+Addition.m */ = {isa = PBXFileReference; fileEncoding = 4; lastKnownFileType = sourcecode.c.objc; path = "UIButton+Addition.m"; sourceTree = "<group>"; };
		538FA69D1D9B92D500672D6F /* UINavigationBar+Addition.h */ = {isa = PBXFileReference; fileEncoding = 4; lastKnownFileType = sourcecode.c.h; path = "UINavigationBar+Addition.h"; sourceTree = "<group>"; };
		538FA69E1D9B92D500672D6F /* UINavigationBar+Addition.m */ = {isa = PBXFileReference; fileEncoding = 4; lastKnownFileType = sourcecode.c.objc; path = "UINavigationBar+Addition.m"; sourceTree = "<group>"; };
		538FA69F1D9B92D500672D6F /* UINavigationItem+NHAddition.h */ = {isa = PBXFileReference; fileEncoding = 4; lastKnownFileType = sourcecode.c.h; path = "UINavigationItem+NHAddition.h"; sourceTree = "<group>"; };
		538FA6A01D9B92D500672D6F /* UINavigationItem+NHAddition.m */ = {isa = PBXFileReference; fileEncoding = 4; lastKnownFileType = sourcecode.c.objc; path = "UINavigationItem+NHAddition.m"; sourceTree = "<group>"; };
		538FA6A31D9B930700672D6F /* NHBaseNavigationViewController.h */ = {isa = PBXFileReference; fileEncoding = 4; lastKnownFileType = sourcecode.c.h; path = NHBaseNavigationViewController.h; sourceTree = "<group>"; };
		538FA6A41D9B930700672D6F /* NHBaseNavigationViewController.m */ = {isa = PBXFileReference; fileEncoding = 4; lastKnownFileType = sourcecode.c.objc; path = NHBaseNavigationViewController.m; sourceTree = "<group>"; };
		538FA6AA1D9B989400672D6F /* NHHomeViewController.h */ = {isa = PBXFileReference; fileEncoding = 4; lastKnownFileType = sourcecode.c.h; path = NHHomeViewController.h; sourceTree = "<group>"; };
		538FA6AB1D9B989400672D6F /* NHHomeViewController.m */ = {isa = PBXFileReference; fileEncoding = 4; lastKnownFileType = sourcecode.c.objc; path = NHHomeViewController.m; sourceTree = "<group>"; };
		538FA6AD1D9B98A700672D6F /* NHDiscoverViewController.h */ = {isa = PBXFileReference; fileEncoding = 4; lastKnownFileType = sourcecode.c.h; path = NHDiscoverViewController.h; sourceTree = "<group>"; };
		538FA6AE1D9B98A700672D6F /* NHDiscoverViewController.m */ = {isa = PBXFileReference; fileEncoding = 4; lastKnownFileType = sourcecode.c.objc; path = NHDiscoverViewController.m; sourceTree = "<group>"; };
		538FA6B01D9B98BA00672D6F /* NHCheckViewController.h */ = {isa = PBXFileReference; fileEncoding = 4; lastKnownFileType = sourcecode.c.h; path = NHCheckViewController.h; sourceTree = "<group>"; };
		538FA6B11D9B98BA00672D6F /* NHCheckViewController.m */ = {isa = PBXFileReference; fileEncoding = 4; lastKnownFileType = sourcecode.c.objc; path = NHCheckViewController.m; sourceTree = "<group>"; };
		538FA6B31D9B98CB00672D6F /* NHMessageViewController.h */ = {isa = PBXFileReference; fileEncoding = 4; lastKnownFileType = sourcecode.c.h; path = NHMessageViewController.h; sourceTree = "<group>"; };
		538FA6B41D9B98CB00672D6F /* NHMessageViewController.m */ = {isa = PBXFileReference; fileEncoding = 4; lastKnownFileType = sourcecode.c.objc; path = NHMessageViewController.m; sourceTree = "<group>"; };
		538FA6B61D9B98FC00672D6F /* NHMainTabbarViewController.h */ = {isa = PBXFileReference; fileEncoding = 4; lastKnownFileType = sourcecode.c.h; path = NHMainTabbarViewController.h; sourceTree = "<group>"; };
		538FA6B71D9B98FC00672D6F /* NHMainTabbarViewController.m */ = {isa = PBXFileReference; fileEncoding = 4; lastKnownFileType = sourcecode.c.objc; path = NHMainTabbarViewController.m; sourceTree = "<group>"; };
		538FA6B91D9B993D00672D6F /* libsqlite3.0.tbd */ = {isa = PBXFileReference; lastKnownFileType = "sourcecode.text-based-dylib-definition"; name = libsqlite3.0.tbd; path = usr/lib/libsqlite3.0.tbd; sourceTree = SDKROOT; };
		76928004302981933E92FDDD /* Pods-NHDuanZi.release.xcconfig */ = {isa = PBXFileReference; includeInIndex = 1; lastKnownFileType = text.xcconfig; name = "Pods-NHDuanZi.release.xcconfig"; path = "Pods/Target Support Files/Pods-NHDuanZi/Pods-NHDuanZi.release.xcconfig"; sourceTree = "<group>"; };
		DDE0637283D6D64FDFA58F4C /* Pods-NHDuanZi.debug.xcconfig */ = {isa = PBXFileReference; includeInIndex = 1; lastKnownFileType = text.xcconfig; name = "Pods-NHDuanZi.debug.xcconfig"; path = "Pods/Target Support Files/Pods-NHDuanZi/Pods-NHDuanZi.debug.xcconfig"; sourceTree = "<group>"; };
/* End PBXFileReference section */

/* Begin PBXFrameworksBuildPhase section */
		538FA6641D9A7A1F00672D6F /* Frameworks */ = {
			isa = PBXFrameworksBuildPhase;
			buildActionMask = 2147483647;
			files = (
				538FA6BA1D9B993D00672D6F /* libsqlite3.0.tbd in Frameworks */,
				18EEE9D264ADCCFF8EF00EFE /* libPods-NHDuanZi.a in Frameworks */,
			);
			runOnlyForDeploymentPostprocessing = 0;
		};
/* End PBXFrameworksBuildPhase section */

/* Begin PBXGroup section */
		538FA65E1D9A7A1F00672D6F = {
			isa = PBXGroup;
			children = (
				538FA6691D9A7A2000672D6F /* NHDuanZi */,
				538FA6681D9A7A1F00672D6F /* Products */,
				59DF5132C67F8E4960ECCAF6 /* Pods */,
				6F624DB4C3AB9D798492188D /* Frameworks */,
			);
			sourceTree = "<group>";
		};
		538FA6681D9A7A1F00672D6F /* Products */ = {
			isa = PBXGroup;
			children = (
				538FA6671D9A7A1F00672D6F /* NHDuanZi.app */,
			);
			name = Products;
			sourceTree = "<group>";
		};
		538FA6691D9A7A2000672D6F /* NHDuanZi */ = {
			isa = PBXGroup;
			children = (
				538FA68C1D9B4C6600672D6F /* AppDelegate */,
				538FA68B1D9A7C1D00672D6F /* ViewControllers */,
				538FA6891D9A7C1600672D6F /* Macro */,
				538FA6881D9A7C0E00672D6F /* ThirdParty */,
				538FA6821D9A7C0700672D6F /* Tools */,
				538FA6811D9A7BE000672D6F /* Resource */,
				538FA6761D9A7A2000672D6F /* Assets.xcassets */,
				538FA67B1D9A7A2000672D6F /* Info.plist */,
				538FA66A1D9A7A2000672D6F /* Supporting Files */,
			);
			path = NHDuanZi;
			sourceTree = "<group>";
		};
		538FA66A1D9A7A2000672D6F /* Supporting Files */ = {
			isa = PBXGroup;
			children = (
				538FA66B1D9A7A2000672D6F /* main.m */,
			);
			name = "Supporting Files";
			sourceTree = "<group>";
		};
		538FA6811D9A7BE000672D6F /* Resource */ = {
			isa = PBXGroup;
			children = (
			);
			path = Resource;
			sourceTree = "<group>";
		};
		538FA6821D9A7C0700672D6F /* Tools */ = {
			isa = PBXGroup;
			children = (
				538FA6831D9A7C0700672D6F /* Category */,
				538FA6841D9A7C0700672D6F /* MyLog */,
			);
			path = Tools;
			sourceTree = "<group>";
		};
		538FA6831D9A7C0700672D6F /* Category */ = {
			isa = PBXGroup;
			children = (
				538FA69C1D9B92D500672D6F /* UINavigationController */,
				538FA6951D9B92CA00672D6F /* UIBarButtoItem */,
			);
			path = Category;
			sourceTree = "<group>";
		};
		538FA6841D9A7C0700672D6F /* MyLog */ = {
			isa = PBXGroup;
			children = (
				538FA6851D9A7C0700672D6F /* MyLog.h */,
				538FA6861D9A7C0700672D6F /* MyLog.m */,
			);
			path = MyLog;
			sourceTree = "<group>";
		};
		538FA6881D9A7C0E00672D6F /* ThirdParty */ = {
			isa = PBXGroup;
			children = (
				538FA6941D9B91C100672D6F /* Base */,
				538FA6931D9B8C2B00672D6F /* TabBar */,
			);
			path = ThirdParty;
			sourceTree = "<group>";
		};
		538FA6891D9A7C1600672D6F /* Macro */ = {
			isa = PBXGroup;
			children = (
				538FA68A1D9A7C1600672D6F /* MacroDefinePrefix.pch */,
			);
			path = Macro;
			sourceTree = "<group>";
		};
		538FA68B1D9A7C1D00672D6F /* ViewControllers */ = {
			isa = PBXGroup;
			children = (
				538FA6A61D9B97C900672D6F /* Home */,
				538FA6A91D9B987300672D6F /* Discover */,
				538FA6A81D9B985000672D6F /* Check */,
				538FA6A71D9B981200672D6F /* Message */,
			);
			path = ViewControllers;
			sourceTree = "<group>";
		};
		538FA68C1D9B4C6600672D6F /* AppDelegate */ = {
			isa = PBXGroup;
			children = (
				538FA68D1D9B4CE400672D6F /* AppDelegate.h */,
				538FA68E1D9B4CE400672D6F /* AppDelegate.m */,
				538FA68F1D9B4CE400672D6F /* ViewController.h */,
				538FA6901D9B4CE400672D6F /* ViewController.m */,
				538FA6731D9A7A2000672D6F /* Main.storyboard */,
				538FA6781D9A7A2000672D6F /* LaunchScreen.storyboard */,
			);
			path = AppDelegate;
			sourceTree = "<group>";
		};
		538FA6931D9B8C2B00672D6F /* TabBar */ = {
			isa = PBXGroup;
			children = (
				538FA6B61D9B98FC00672D6F /* NHMainTabbarViewController.h */,
				538FA6B71D9B98FC00672D6F /* NHMainTabbarViewController.m */,
			);
			path = TabBar;
			sourceTree = "<group>";
		};
		538FA6941D9B91C100672D6F /* Base */ = {
			isa = PBXGroup;
			children = (
				538FA6A31D9B930700672D6F /* NHBaseNavigationViewController.h */,
				538FA6A41D9B930700672D6F /* NHBaseNavigationViewController.m */,
			);
			path = Base;
			sourceTree = "<group>";
		};
		538FA6951D9B92CA00672D6F /* UIBarButtoItem */ = {
			isa = PBXGroup;
			children = (
				538FA6961D9B92CA00672D6F /* UIBarButtonItem+Addition.h */,
				538FA6971D9B92CA00672D6F /* UIBarButtonItem+Addition.m */,
				538FA6981D9B92CA00672D6F /* UIButton+Addition.h */,
				538FA6991D9B92CA00672D6F /* UIButton+Addition.m */,
			);
			path = UIBarButtoItem;
			sourceTree = "<group>";
		};
		538FA69C1D9B92D500672D6F /* UINavigationController */ = {
			isa = PBXGroup;
			children = (
				538FA69D1D9B92D500672D6F /* UINavigationBar+Addition.h */,
				538FA69E1D9B92D500672D6F /* UINavigationBar+Addition.m */,
				538FA69F1D9B92D500672D6F /* UINavigationItem+NHAddition.h */,
				538FA6A01D9B92D500672D6F /* UINavigationItem+NHAddition.m */,
			);
			path = UINavigationController;
			sourceTree = "<group>";
		};
		538FA6A61D9B97C900672D6F /* Home */ = {
			isa = PBXGroup;
			children = (
				538FA6AA1D9B989400672D6F /* NHHomeViewController.h */,
				538FA6AB1D9B989400672D6F /* NHHomeViewController.m */,
			);
			path = Home;
			sourceTree = "<group>";
		};
		538FA6A71D9B981200672D6F /* Message */ = {
			isa = PBXGroup;
			children = (
				538FA6B31D9B98CB00672D6F /* NHMessageViewController.h */,
				538FA6B41D9B98CB00672D6F /* NHMessageViewController.m */,
			);
			path = Message;
			sourceTree = "<group>";
		};
		538FA6A81D9B985000672D6F /* Check */ = {
			isa = PBXGroup;
			children = (
				538FA6B01D9B98BA00672D6F /* NHCheckViewController.h */,
				538FA6B11D9B98BA00672D6F /* NHCheckViewController.m */,
			);
			path = Check;
			sourceTree = "<group>";
		};
		538FA6A91D9B987300672D6F /* Discover */ = {
			isa = PBXGroup;
			children = (
				538FA6AD1D9B98A700672D6F /* NHDiscoverViewController.h */,
				538FA6AE1D9B98A700672D6F /* NHDiscoverViewController.m */,
			);
			path = Discover;
			sourceTree = "<group>";
		};
		59DF5132C67F8E4960ECCAF6 /* Pods */ = {
			isa = PBXGroup;
			children = (
				DDE0637283D6D64FDFA58F4C /* Pods-NHDuanZi.debug.xcconfig */,
				76928004302981933E92FDDD /* Pods-NHDuanZi.release.xcconfig */,
			);
			name = Pods;
			sourceTree = "<group>";
		};
		6F624DB4C3AB9D798492188D /* Frameworks */ = {
			isa = PBXGroup;
			children = (
				538FA6B91D9B993D00672D6F /* libsqlite3.0.tbd */,
				2162355B851CEE540E137EA2 /* libPods-NHDuanZi.a */,
			);
			name = Frameworks;
			sourceTree = "<group>";
		};
/* End PBXGroup section */

/* Begin PBXNativeTarget section */
		538FA6661D9A7A1F00672D6F /* NHDuanZi */ = {
			isa = PBXNativeTarget;
			buildConfigurationList = 538FA67E1D9A7A2000672D6F /* Build configuration list for PBXNativeTarget "NHDuanZi" */;
			buildPhases = (
				87EFA0BD9023911BCE0EB6AE /* Check Pods Manifest.lock */,
				538FA6631D9A7A1F00672D6F /* Sources */,
				538FA6641D9A7A1F00672D6F /* Frameworks */,
				538FA6651D9A7A1F00672D6F /* Resources */,
				F5BFAC97C602796F86A53199 /* Embed Pods Frameworks */,
				811F6BEBFA81D3C290034EAF /* Copy Pods Resources */,
			);
			buildRules = (
			);
			dependencies = (
			);
			name = NHDuanZi;
			productName = NHDuanZi;
			productReference = 538FA6671D9A7A1F00672D6F /* NHDuanZi.app */;
			productType = "com.apple.product-type.application";
		};
/* End PBXNativeTarget section */

/* Begin PBXProject section */
		538FA65F1D9A7A1F00672D6F /* Project object */ = {
			isa = PBXProject;
			attributes = {
				LastUpgradeCheck = 0730;
				ORGANIZATIONNAME = ane_it_ssk;
				TargetAttributes = {
					538FA6661D9A7A1F00672D6F = {
						CreatedOnToolsVersion = 7.3.1;
					};
				};
			};
			buildConfigurationList = 538FA6621D9A7A1F00672D6F /* Build configuration list for PBXProject "NHDuanZi" */;
			compatibilityVersion = "Xcode 3.2";
			developmentRegion = English;
			hasScannedForEncodings = 0;
			knownRegions = (
				en,
				Base,
			);
			mainGroup = 538FA65E1D9A7A1F00672D6F;
			productRefGroup = 538FA6681D9A7A1F00672D6F /* Products */;
			projectDirPath = "";
			projectRoot = "";
			targets = (
				538FA6661D9A7A1F00672D6F /* NHDuanZi */,
			);
		};
/* End PBXProject section */

/* Begin PBXResourcesBuildPhase section */
		538FA6651D9A7A1F00672D6F /* Resources */ = {
			isa = PBXResourcesBuildPhase;
			buildActionMask = 2147483647;
			files = (
				538FA67A1D9A7A2000672D6F /* LaunchScreen.storyboard in Resources */,
				538FA6771D9A7A2000672D6F /* Assets.xcassets in Resources */,
				538FA6751D9A7A2000672D6F /* Main.storyboard in Resources */,
			);
			runOnlyForDeploymentPostprocessing = 0;
		};
/* End PBXResourcesBuildPhase section */

/* Begin PBXShellScriptBuildPhase section */
		811F6BEBFA81D3C290034EAF /* Copy Pods Resources */ = {
			isa = PBXShellScriptBuildPhase;
			buildActionMask = 2147483647;
			files = (
			);
			inputPaths = (
			);
			name = "Copy Pods Resources";
			outputPaths = (
			);
			runOnlyForDeploymentPostprocessing = 0;
			shellPath = /bin/sh;
			shellScript = "\"${SRCROOT}/Pods/Target Support Files/Pods-NHDuanZi/Pods-NHDuanZi-resources.sh\"\n";
			showEnvVarsInLog = 0;
		};
		87EFA0BD9023911BCE0EB6AE /* Check Pods Manifest.lock */ = {
			isa = PBXShellScriptBuildPhase;
			buildActionMask = 2147483647;
			files = (
			);
			inputPaths = (
			);
			name = "Check Pods Manifest.lock";
			outputPaths = (
			);
			runOnlyForDeploymentPostprocessing = 0;
			shellPath = /bin/sh;
			shellScript = "diff \"${PODS_ROOT}/../Podfile.lock\" \"${PODS_ROOT}/Manifest.lock\" > /dev/null\nif [[ $? != 0 ]] ; then\n    cat << EOM\nerror: The sandbox is not in sync with the Podfile.lock. Run 'pod install' or update your CocoaPods installation.\nEOM\n    exit 1\nfi\n";
			showEnvVarsInLog = 0;
		};
		F5BFAC97C602796F86A53199 /* Embed Pods Frameworks */ = {
			isa = PBXShellScriptBuildPhase;
			buildActionMask = 2147483647;
			files = (
			);
			inputPaths = (
			);
			name = "Embed Pods Frameworks";
			outputPaths = (
			);
			runOnlyForDeploymentPostprocessing = 0;
			shellPath = /bin/sh;
			shellScript = "\"${SRCROOT}/Pods/Target Support Files/Pods-NHDuanZi/Pods-NHDuanZi-frameworks.sh\"\n";
			showEnvVarsInLog = 0;
		};
/* End PBXShellScriptBuildPhase section */

/* Begin PBXSourcesBuildPhase section */
		538FA6631D9A7A1F00672D6F /* Sources */ = {
			isa = PBXSourcesBuildPhase;
			buildActionMask = 2147483647;
			files = (
				538FA6871D9A7C0700672D6F /* MyLog.m in Sources */,
				538FA6B21D9B98BA00672D6F /* NHCheckViewController.m in Sources */,
				538FA6A51D9B930700672D6F /* NHBaseNavigationViewController.m in Sources */,
				538FA6A11D9B92D500672D6F /* UINavigationBar+Addition.m in Sources */,
				538FA6AC1D9B989400672D6F /* NHHomeViewController.m in Sources */,
				538FA6B81D9B98FC00672D6F /* NHMainTabbarViewController.m in Sources */,
				538FA6A21D9B92D500672D6F /* UINavigationItem+NHAddition.m in Sources */,
				538FA66C1D9A7A2000672D6F /* main.m in Sources */,
				538FA6AF1D9B98A700672D6F /* NHDiscoverViewController.m in Sources */,
				538FA6921D9B4CE400672D6F /* ViewController.m in Sources */,
				538FA69A1D9B92CA00672D6F /* UIBarButtonItem+Addition.m in Sources */,
				538FA6911D9B4CE400672D6F /* AppDelegate.m in Sources */,
				538FA69B1D9B92CA00672D6F /* UIButton+Addition.m in Sources */,
				538FA6B51D9B98CB00672D6F /* NHMessageViewController.m in Sources */,
			);
			runOnlyForDeploymentPostprocessing = 0;
		};
/* End PBXSourcesBuildPhase section */

/* Begin PBXVariantGroup section */
		538FA6731D9A7A2000672D6F /* Main.storyboard */ = {
			isa = PBXVariantGroup;
			children = (
				538FA6741D9A7A2000672D6F /* Base */,
			);
			name = Main.storyboard;
			path = ..;
			sourceTree = "<group>";
		};
		538FA6781D9A7A2000672D6F /* LaunchScreen.storyboard */ = {
			isa = PBXVariantGroup;
			children = (
				538FA6791D9A7A2000672D6F /* Base */,
			);
			name = LaunchScreen.storyboard;
			path = ..;
			sourceTree = "<group>";
		};
/* End PBXVariantGroup section */

/* Begin XCBuildConfiguration section */
		538FA67C1D9A7A2000672D6F /* Debug */ = {
			isa = XCBuildConfiguration;
			buildSettings = {
				ALWAYS_SEARCH_USER_PATHS = NO;
				CLANG_ANALYZER_NONNULL = YES;
				CLANG_CXX_LANGUAGE_STANDARD = "gnu++0x";
				CLANG_CXX_LIBRARY = "libc++";
				CLANG_ENABLE_MODULES = YES;
				CLANG_ENABLE_OBJC_ARC = YES;
				CLANG_WARN_BOOL_CONVERSION = YES;
				CLANG_WARN_CONSTANT_CONVERSION = YES;
				CLANG_WARN_DIRECT_OBJC_ISA_USAGE = YES_ERROR;
				CLANG_WARN_EMPTY_BODY = YES;
				CLANG_WARN_ENUM_CONVERSION = YES;
				CLANG_WARN_INT_CONVERSION = YES;
				CLANG_WARN_OBJC_ROOT_CLASS = YES_ERROR;
				CLANG_WARN_UNREACHABLE_CODE = YES;
				CLANG_WARN__DUPLICATE_METHOD_MATCH = YES;
				"CODE_SIGN_IDENTITY[sdk=iphoneos*]" = "iPhone Developer";
				COPY_PHASE_STRIP = NO;
				DEBUG_INFORMATION_FORMAT = dwarf;
				ENABLE_STRICT_OBJC_MSGSEND = YES;
				ENABLE_TESTABILITY = YES;
				GCC_C_LANGUAGE_STANDARD = gnu99;
				GCC_DYNAMIC_NO_PIC = NO;
				GCC_NO_COMMON_BLOCKS = YES;
				GCC_OPTIMIZATION_LEVEL = 0;
				GCC_PREPROCESSOR_DEFINITIONS = (
					"DEBUG=1",
					"$(inherited)",
				);
				GCC_WARN_64_TO_32_BIT_CONVERSION = YES;
				GCC_WARN_ABOUT_RETURN_TYPE = YES_ERROR;
				GCC_WARN_UNDECLARED_SELECTOR = YES;
				GCC_WARN_UNINITIALIZED_AUTOS = YES_AGGRESSIVE;
				GCC_WARN_UNUSED_FUNCTION = YES;
				GCC_WARN_UNUSED_VARIABLE = YES;
				IPHONEOS_DEPLOYMENT_TARGET = 9.3;
				MTL_ENABLE_DEBUG_INFO = YES;
				ONLY_ACTIVE_ARCH = YES;
				SDKROOT = iphoneos;
				TARGETED_DEVICE_FAMILY = "1,2";
			};
			name = Debug;
		};
		538FA67D1D9A7A2000672D6F /* Release */ = {
			isa = XCBuildConfiguration;
			buildSettings = {
				ALWAYS_SEARCH_USER_PATHS = NO;
				CLANG_ANALYZER_NONNULL = YES;
				CLANG_CXX_LANGUAGE_STANDARD = "gnu++0x";
				CLANG_CXX_LIBRARY = "libc++";
				CLANG_ENABLE_MODULES = YES;
				CLANG_ENABLE_OBJC_ARC = YES;
				CLANG_WARN_BOOL_CONVERSION = YES;
				CLANG_WARN_CONSTANT_CONVERSION = YES;
				CLANG_WARN_DIRECT_OBJC_ISA_USAGE = YES_ERROR;
				CLANG_WARN_EMPTY_BODY = YES;
				CLANG_WARN_ENUM_CONVERSION = YES;
				CLANG_WARN_INT_CONVERSION = YES;
				CLANG_WARN_OBJC_ROOT_CLASS = YES_ERROR;
				CLANG_WARN_UNREACHABLE_CODE = YES;
				CLANG_WARN__DUPLICATE_METHOD_MATCH = YES;
				"CODE_SIGN_IDENTITY[sdk=iphoneos*]" = "iPhone Developer";
				COPY_PHASE_STRIP = NO;
				DEBUG_INFORMATION_FORMAT = "dwarf-with-dsym";
				ENABLE_NS_ASSERTIONS = NO;
				ENABLE_STRICT_OBJC_MSGSEND = YES;
				GCC_C_LANGUAGE_STANDARD = gnu99;
				GCC_NO_COMMON_BLOCKS = YES;
				GCC_WARN_64_TO_32_BIT_CONVERSION = YES;
				GCC_WARN_ABOUT_RETURN_TYPE = YES_ERROR;
				GCC_WARN_UNDECLARED_SELECTOR = YES;
				GCC_WARN_UNINITIALIZED_AUTOS = YES_AGGRESSIVE;
				GCC_WARN_UNUSED_FUNCTION = YES;
				GCC_WARN_UNUSED_VARIABLE = YES;
				IPHONEOS_DEPLOYMENT_TARGET = 9.3;
				MTL_ENABLE_DEBUG_INFO = NO;
				SDKROOT = iphoneos;
				TARGETED_DEVICE_FAMILY = "1,2";
				VALIDATE_PRODUCT = YES;
			};
			name = Release;
		};
		538FA67F1D9A7A2000672D6F /* Debug */ = {
			isa = XCBuildConfiguration;
			baseConfigurationReference = DDE0637283D6D64FDFA58F4C /* Pods-NHDuanZi.debug.xcconfig */;
			buildSettings = {
				ASSETCATALOG_COMPILER_APPICON_NAME = AppIcon;
				ASSETCATALOG_COMPILER_LAUNCHIMAGE_NAME = LaunchImage;
				GCC_PREFIX_HEADER = "$(SRCROOT)/NHDuanZi/Macro/MacroDefinePrefix.pch";
				INFOPLIST_FILE = NHDuanZi/Info.plist;
				IPHONEOS_DEPLOYMENT_TARGET = 8.0;
				LD_RUNPATH_SEARCH_PATHS = "$(inherited) @executable_path/Frameworks";
				PRODUCT_BUNDLE_IDENTIFIER = com.ane56.ssk.NHDuanZi;
				PRODUCT_NAME = "$(TARGET_NAME)";
				TARGETED_DEVICE_FAMILY = 1;
			};
			name = Debug;
		};
		538FA6801D9A7A2000672D6F /* Release */ = {
			isa = XCBuildConfiguration;
			baseConfigurationReference = 76928004302981933E92FDDD /* Pods-NHDuanZi.release.xcconfig */;
			buildSettings = {
				ASSETCATALOG_COMPILER_APPICON_NAME = AppIcon;
				ASSETCATALOG_COMPILER_LAUNCHIMAGE_NAME = LaunchImage;
				GCC_PREFIX_HEADER = "$(SRCROOT)/NHDuanZi/Macro/MacroDefinePrefix.pch";
				INFOPLIST_FILE = NHDuanZi/Info.plist;
				IPHONEOS_DEPLOYMENT_TARGET = 8.0;
				LD_RUNPATH_SEARCH_PATHS = "$(inherited) @executable_path/Frameworks";
				PRODUCT_BUNDLE_IDENTIFIER = com.ane56.ssk.NHDuanZi;
				PRODUCT_NAME = "$(TARGET_NAME)";
				TARGETED_DEVICE_FAMILY = 1;
			};
			name = Release;
		};
/* End XCBuildConfiguration section */

/* Begin XCConfigurationList section */
		538FA6621D9A7A1F00672D6F /* Build configuration list for PBXProject "NHDuanZi" */ = {
			isa = XCConfigurationList;
			buildConfigurations = (
				538FA67C1D9A7A2000672D6F /* Debug */,
				538FA67D1D9A7A2000672D6F /* Release */,
			);
			defaultConfigurationIsVisible = 0;
			defaultConfigurationName = Release;
		};
		538FA67E1D9A7A2000672D6F /* Build configuration list for PBXNativeTarget "NHDuanZi" */ = {
			isa = XCConfigurationList;
			buildConfigurations = (
				538FA67F1D9A7A2000672D6F /* Debug */,
				538FA6801D9A7A2000672D6F /* Release */,
			);
			defaultConfigurationIsVisible = 0;
			defaultConfigurationName = Release;
		};
/* End XCConfigurationList section */
	};
	rootObject = 538FA65F1D9A7A1F00672D6F /* Project object */;
}
